
Microsoft Visual Studio Solution File, Format Version 12.00
# Visual Studio Version 16
VisualStudioVersion = 16.0.31424.327
MinimumVisualStudioVersion = 10.0.40219.1
Project("{FAE04EC0-301F-11D3-BF4B-00C04F79EFBC}") = "ASCII_Converter", "ASCII_Converter.csproj", "{0DDA76C4-FE88-4084-B263-F21F4E5A3CF6}"
EndProject
Global
	GlobalSection(SolutionConfigurationPlatforms) = preSolution
		Debug|Any CPU = Debug|Any CPU
		Release|Any CPU = Release|Any CPU
	EndGlobalSection
	GlobalSection(ProjectConfigurationPlatforms) = postSolution
		{0DDA76C4-FE88-4084-B263-F21F4E5A3CF6}.Debug|Any CPU.ActiveCfg = Debug|Any CPU
		{0DDA76C4-FE88-4084-B263-F21F4E5A3CF6}.Debug|Any CPU.Build.0 = Debug|Any CPU
		{0DDA76C4-FE88-4084-B263-F21F4E5A3CF6}.Release|Any CPU.ActiveCfg = Release|Any CPU
		{0DDA76C4-FE88-4084-B263-F21F4E5A3CF6}.Release|Any CPU.Build.0 = Release|Any CPU
	EndGlobalSection
	GlobalSection(SolutionProperties) = preSolution
		HideSolutionNode = FALSE
	EndGlobalSection
	GlobalSection(ExtensibilityGlobals) = postSolution
		SolutionGuid = {A8AA592F-456C-4BF4-B185-355EB2B5D29B}
	EndGlobalSection
EndGlobal
